github.com/adam-hanna/arrayOperations v0.2.6 h1:QZC99xC8MgUawXnav7bFMejs/dm7YySnDpMx3oZzz2Y=
github.com/adam-hanna/arrayOperations v0.2.6/go.mod h1:iIzkSjP91FnE66cUFNAjjUJVmjyAwCH0SXnWsx2nbdk=
github.com/deckarep/golang-set v1.7.1 h1:SCQV0S6gTtp6itiFrTqI+pfmJ4LN85S1YzhDf9rTHJQ=
github.com/deckarep/golang-set v1.7.1/go.mod h1:93vsz/8Wt4joVM7c2AVqh+YRMiUSc14yDtF28KmMOgQ=
github.com/juliangruber/go-intersect v1.0.0 h1:0XNPNaEoPd7PZljVNZLk4qrRkR153Sjk2ZL1426zFQ0=
github.com/juliangruber/go-intersect v1.0.0/go.mod h1:unIef4vysSJvZ6adJAAPiBVKpS4r/IOkmfuFghRFDDM=
